// !$*UTF8*$!
{
	archiveVersion = 1;
	classes = {
	};
	objectVersion = 56;
	objects = {

/* Begin PBXBuildFile section */
		7D08460D2A4E149100B3BCE9 /* PreferencesView.swift in Sources */ = {isa = PBXBuildFile; fileRef = 7D08460C2A4E149100B3BCE9 /* PreferencesView.swift */; };
		7D2F91C42A4F045000641221 /* CustomSliderView.swift in Sources */ = {isa = PBXBuildFile; fileRef = 7D2F91C32A4F045000641221 /* CustomSliderView.swift */; };
		7D54AFFD2A4B5B900032D200 /* TabBarItem.swift in Sources */ = {isa = PBXBuildFile; fileRef = 7D54AFF82A4B5B8F0032D200 /* TabBarItem.swift */; };
		7D54AFFE2A4B5B900032D200 /* CustomTabBarView.swift in Sources */ = {isa = PBXBuildFile; fileRef = 7D54AFF92A4B5B8F0032D200 /* CustomTabBarView.swift */; };
		7D54AFFF2A4B5B900032D200 /* TabBarPreferenceKey.swift in Sources */ = {isa = PBXBuildFile; fileRef = 7D54AFFA2A4B5B8F0032D200 /* TabBarPreferenceKey.swift */; };
		7D54B0002A4B5B900032D200 /* TabBarView.swift in Sources */ = {isa = PBXBuildFile; fileRef = 7D54AFFB2A4B5B8F0032D200 /* TabBarView.swift */; };
		7D54B0012A4B5B900032D200 /* CustomTabBarContainerView.swift in Sources */ = {isa = PBXBuildFile; fileRef = 7D54AFFC2A4B5B8F0032D200 /* CustomTabBarContainerView.swift */; };
		7D54B0032A4B6FB50032D200 /* WaveAnimation.swift in Sources */ = {isa = PBXBuildFile; fileRef = 7D54B0022A4B6FB50032D200 /* WaveAnimation.swift */; };
		7DD679F52A44847C00FE714C /* VibratorApp.swift in Sources */ = {isa = PBXBuildFile; fileRef = 7DD679F42A44847C00FE714C /* VibratorApp.swift */; };
		7DD679F72A44847C00FE714C /* ContentView.swift in Sources */ = {isa = PBXBuildFile; fileRef = 7DD679F62A44847C00FE714C /* ContentView.swift */; };
		7DD679F92A44847E00FE714C /* Assets.xcassets in Resources */ = {isa = PBXBuildFile; fileRef = 7DD679F82A44847E00FE714C /* Assets.xcassets */; };
		7DD679FC2A44847E00FE714C /* Preview Assets.xcassets in Resources */ = {isa = PBXBuildFile; fileRef = 7DD679FB2A44847E00FE714C /* Preview Assets.xcassets */; };
		7DD67A052A4484CB00FE714C /* CoreHaptics.swift in Sources */ = {isa = PBXBuildFile; fileRef = 7DD67A042A4484CB00FE714C /* CoreHaptics.swift */; };
		7DD67A072A450EC200FE714C /* PurchaseView.swift in Sources */ = {isa = PBXBuildFile; fileRef = 7DD67A062A450EC200FE714C /* PurchaseView.swift */; };
		7DD67A0B2A45272500FE714C /* ShimmerEffect.swift in Sources */ = {isa = PBXBuildFile; fileRef = 7DD67A0A2A45272500FE714C /* ShimmerEffect.swift */; };
		7DF39AE72A453A7800DAF1E0 /* MainTabView.swift in Sources */ = {isa = PBXBuildFile; fileRef = 7DF39AE62A453A7800DAF1E0 /* MainTabView.swift */; };
		7DF39AE92A453CC400DAF1E0 /* VibrationView.swift in Sources */ = {isa = PBXBuildFile; fileRef = 7DF39AE82A453CC400DAF1E0 /* VibrationView.swift */; };
		7DF39AEF2A454B8F00DAF1E0 /* HomeView.swift in Sources */ = {isa = PBXBuildFile; fileRef = 7DF39AEE2A454B8F00DAF1E0 /* HomeView.swift */; };
/* End PBXBuildFile section */

/* Begin PBXFileReference section */
		7D08460C2A4E149100B3BCE9 /* PreferencesView.swift */ = {isa = PBXFileReference; lastKnownFileType = sourcecode.swift; path = PreferencesView.swift; sourceTree = "<group>"; };
		7D2F91C32A4F045000641221 /* CustomSliderView.swift */ = {isa = PBXFileReference; lastKnownFileType = sourcecode.swift; path = CustomSliderView.swift; sourceTree = "<group>"; };
		7D54AFF82A4B5B8F0032D200 /* TabBarItem.swift */ = {isa = PBXFileReference; fileEncoding = 4; lastKnownFileType = sourcecode.swift; path = TabBarItem.swift; sourceTree = "<group>"; };
		7D54AFF92A4B5B8F0032D200 /* CustomTabBarView.swift */ = {isa = PBXFileReference; fileEncoding = 4; lastKnownFileType = sourcecode.swift; path = CustomTabBarView.swift; sourceTree = "<group>"; };
		7D54AFFA2A4B5B8F0032D200 /* TabBarPreferenceKey.swift */ = {isa = PBXFileReference; fileEncoding = 4; lastKnownFileType = sourcecode.swift; path = TabBarPreferenceKey.swift; sourceTree = "<group>"; };
		7D54AFFB2A4B5B8F0032D200 /* TabBarView.swift */ = {isa = PBXFileReference; fileEncoding = 4; lastKnownFileType = sourcecode.swift; path = TabBarView.swift; sourceTree = "<group>"; };
		7D54AFFC2A4B5B8F0032D200 /* CustomTabBarContainerView.swift */ = {isa = PBXFileReference; fileEncoding = 4; lastKnownFileType = sourcecode.swift; path = CustomTabBarContainerView.swift; sourceTree = "<group>"; };
		7D54B0022A4B6FB50032D200 /* WaveAnimation.swift */ = {isa = PBXFileReference; lastKnownFileType = sourcecode.swift; path = WaveAnimation.swift; sourceTree = "<group>"; };
		7DD679F12A44847C00FE714C /* Vibrator.app */ = {isa = PBXFileReference; explicitFileType = wrapper.application; includeInIndex = 0; path = Vibrator.app; sourceTree = BUILT_PRODUCTS_DIR; };
		7DD679F42A44847C00FE714C /* VibratorApp.swift */ = {isa = PBXFileReference; lastKnownFileType = sourcecode.swift; path = VibratorApp.swift; sourceTree = "<group>"; };
		7DD679F62A44847C00FE714C /* ContentView.swift */ = {isa = PBXFileReference; lastKnownFileType = sourcecode.swift; path = ContentView.swift; sourceTree = "<group>"; };
		7DD679F82A44847E00FE714C /* Assets.xcassets */ = {isa = PBXFileReference; lastKnownFileType = folder.assetcatalog; path = Assets.xcassets; sourceTree = "<group>"; };
		7DD679FB2A44847E00FE714C /* Preview Assets.xcassets */ = {isa = PBXFileReference; lastKnownFileType = folder.assetcatalog; path = "Preview Assets.xcassets"; sourceTree = "<group>"; };
		7DD67A042A4484CB00FE714C /* CoreHaptics.swift */ = {isa = PBXFileReference; lastKnownFileType = sourcecode.swift; path = CoreHaptics.swift; sourceTree = "<group>"; };
		7DD67A062A450EC200FE714C /* PurchaseView.swift */ = {isa = PBXFileReference; lastKnownFileType = sourcecode.swift; path = PurchaseView.swift; sourceTree = "<group>"; };
		7DD67A0A2A45272500FE714C /* ShimmerEffect.swift */ = {isa = PBXFileReference; lastKnownFileType = sourcecode.swift; path = ShimmerEffect.swift; sourceTree = "<group>"; };
		7DF39AE62A453A7800DAF1E0 /* MainTabView.swift */ = {isa = PBXFileReference; lastKnownFileType = sourcecode.swift; path = MainTabView.swift; sourceTree = "<group>"; };
		7DF39AE82A453CC400DAF1E0 /* VibrationView.swift */ = {isa = PBXFileReference; lastKnownFileType = sourcecode.swift; path = VibrationView.swift; sourceTree = "<group>"; };
		7DF39AEE2A454B8F00DAF1E0 /* HomeView.swift */ = {isa = PBXFileReference; lastKnownFileType = sourcecode.swift; path = HomeView.swift; sourceTree = "<group>"; };
/* End PBXFileReference section */

/* Begin PBXFrameworksBuildPhase section */
		7DD679EE2A44847C00FE714C /* Frameworks */ = {
			isa = PBXFrameworksBuildPhase;
			buildActionMask = 2147483647;
			files = (
			);
			runOnlyForDeploymentPostprocessing = 0;
		};
/* End PBXFrameworksBuildPhase section */

/* Begin PBXGroup section */
		7D54AFF72A4B5B8F0032D200 /* CustomTabBar */ = {
			isa = PBXGroup;
			children = (
				7D54AFF82A4B5B8F0032D200 /* TabBarItem.swift */,
				7D54AFF92A4B5B8F0032D200 /* CustomTabBarView.swift */,
				7D54AFFA2A4B5B8F0032D200 /* TabBarPreferenceKey.swift */,
				7D54AFFB2A4B5B8F0032D200 /* TabBarView.swift */,
				7D54AFFC2A4B5B8F0032D200 /* CustomTabBarContainerView.swift */,
			);
			path = CustomTabBar;
			sourceTree = "<group>";
		};
		7DD679E82A44847C00FE714C = {
			isa = PBXGroup;
			children = (
				7DD679F32A44847C00FE714C /* Vibrator */,
				7DD679F22A44847C00FE714C /* Products */,
			);
			sourceTree = "<group>";
		};
		7DD679F22A44847C00FE714C /* Products */ = {
			isa = PBXGroup;
			children = (
				7DD679F12A44847C00FE714C /* Vibrator.app */,
			);
			name = Products;
			sourceTree = "<group>";
		};
		7DD679F32A44847C00FE714C /* Vibrator */ = {
			isa = PBXGroup;
			children = (
				7DD679F42A44847C00FE714C /* VibratorApp.swift */,
				7DD679F62A44847C00FE714C /* ContentView.swift */,
				7DF39AE62A453A7800DAF1E0 /* MainTabView.swift */,
				7DD67A062A450EC200FE714C /* PurchaseView.swift */,
				7DF39AEE2A454B8F00DAF1E0 /* HomeView.swift */,
				7DF39AE82A453CC400DAF1E0 /* VibrationView.swift */,
				7D08460C2A4E149100B3BCE9 /* PreferencesView.swift */,
				7DF39AEC2A454B4A00DAF1E0 /* HelperViews */,
				7DF39AED2A454B5F00DAF1E0 /* Utilities */,
				7D54AFF72A4B5B8F0032D200 /* CustomTabBar */,
				7DD679F82A44847E00FE714C /* Assets.xcassets */,
				7DD679FA2A44847E00FE714C /* Preview Content */,
			);
			path = Vibrator;
			sourceTree = "<group>";
		};
		7DD679FA2A44847E00FE714C /* Preview Content */ = {
			isa = PBXGroup;
			children = (
				7DD679FB2A44847E00FE714C /* Preview Assets.xcassets */,
			);
			path = "Preview Content";
			sourceTree = "<group>";
		};
		7DF39AEC2A454B4A00DAF1E0 /* HelperViews */ = {
			isa = PBXGroup;
			children = (
				7D54B0022A4B6FB50032D200 /* WaveAnimation.swift */,
				7DD67A0A2A45272500FE714C /* ShimmerEffect.swift */,
				7D2F91C32A4F045000641221 /* CustomSliderView.swift */,
			);
			path = HelperViews;
			sourceTree = "<group>";
		};
		7DF39AED2A454B5F00DAF1E0 /* Utilities */ = {
			isa = PBXGroup;
			children = (
				7DD67A042A4484CB00FE714C /* CoreHaptics.swift */,
			);
			path = Utilities;
			sourceTree = "<group>";
		};
/* End PBXGroup section */

/* Begin PBXNativeTarget section */
		7DD679F02A44847C00FE714C /* Vibrator */ = {
			isa = PBXNativeTarget;
			buildConfigurationList = 7DD679FF2A44847E00FE714C /* Build configuration list for PBXNativeTarget "Vibrator" */;
			buildPhases = (
				7DD679ED2A44847C00FE714C /* Sources */,
				7DD679EE2A44847C00FE714C /* Frameworks */,
				7DD679EF2A44847C00FE714C /* Resources */,
			);
			buildRules = (
			);
			dependencies = (
			);
			name = Vibrator;
			productName = Vibrator;
			productReference = 7DD679F12A44847C00FE714C /* Vibrator.app */;
			productType = "com.apple.product-type.application";
		};
/* End PBXNativeTarget section */

/* Begin PBXProject section */
		7DD679E92A44847C00FE714C /* Project object */ = {
			isa = PBXProject;
			attributes = {
				BuildIndependentTargetsInParallel = 1;
				LastSwiftUpdateCheck = 1430;
				LastUpgradeCheck = 1430;
				TargetAttributes = {
					7DD679F02A44847C00FE714C = {
						CreatedOnToolsVersion = 14.3;
					};
				};
			};
			buildConfigurationList = 7DD679EC2A44847C00FE714C /* Build configuration list for PBXProject "Vibrator" */;
			compatibilityVersion = "Xcode 14.0";
			developmentRegion = en;
			hasScannedForEncodings = 0;
			knownRegions = (
				en,
				Base,
			);
			mainGroup = 7DD679E82A44847C00FE714C;
			productRefGroup = 7DD679F22A44847C00FE714C /* Products */;
			projectDirPath = "";
			projectRoot = "";
			targets = (
				7DD679F02A44847C00FE714C /* Vibrator */,
			);
		};
/* End PBXProject section */

/* Begin PBXResourcesBuildPhase section */
		7DD679EF2A44847C00FE714C /* Resources */ = {
			isa = PBXResourcesBuildPhase;
			buildActionMask = 2147483647;
			files = (
				7DD679FC2A44847E00FE714C /* Preview Assets.xcassets in Resources */,
				7DD679F92A44847E00FE714C /* Assets.xcassets in Resources */,
			);
			runOnlyForDeploymentPostprocessing = 0;
		};
/* End PBXResourcesBuildPhase section */

/* Begin PBXSourcesBuildPhase section */
		7DD679ED2A44847C00FE714C /* Sources */ = {
			isa = PBXSourcesBuildPhase;
			buildActionMask = 2147483647;
			files = (
				7D54AFFF2A4B5B900032D200 /* TabBarPreferenceKey.swift in Sources */,
				7D54B0002A4B5B900032D200 /* TabBarView.swift in Sources */,
				7DF39AEF2A454B8F00DAF1E0 /* HomeView.swift in Sources */,
				7D54B0012A4B5B900032D200 /* CustomTabBarContainerView.swift in Sources */,
				7DD67A052A4484CB00FE714C /* CoreHaptics.swift in Sources */,
				7D54AFFE2A4B5B900032D200 /* CustomTabBarView.swift in Sources */,
				7DD679F72A44847C00FE714C /* ContentView.swift in Sources */,
				7D54AFFD2A4B5B900032D200 /* TabBarItem.swift in Sources */,
				7DD67A072A450EC200FE714C /* PurchaseView.swift in Sources */,
				7D54B0032A4B6FB50032D200 /* WaveAnimation.swift in Sources */,
				7D2F91C42A4F045000641221 /* CustomSliderView.swift in Sources */,
				7D08460D2A4E149100B3BCE9 /* PreferencesView.swift in Sources */,
				7DF39AE72A453A7800DAF1E0 /* MainTabView.swift in Sources */,
				7DD67A0B2A45272500FE714C /* ShimmerEffect.swift in Sources */,
				7DD679F52A44847C00FE714C /* VibratorApp.swift in Sources */,
				7DF39AE92A453CC400DAF1E0 /* VibrationView.swift in Sources */,
			);
			runOnlyForDeploymentPostprocessing = 0;
		};
/* End PBXSourcesBuildPhase section */

/* Begin XCBuildConfiguration section */
		7DD679FD2A44847E00FE714C /* Debug */ = {
			isa = XCBuildConfiguration;
			buildSettings = {
				ALWAYS_SEARCH_USER_PATHS = NO;
				CLANG_ANALYZER_NONNULL = YES;
				CLANG_ANALYZER_NUMBER_OBJECT_CONVERSION = YES_AGGRESSIVE;
				CLANG_CXX_LANGUAGE_STANDARD = "gnu++20";
				CLANG_ENABLE_MODULES = YES;
				CLANG_ENABLE_OBJC_ARC = YES;
				CLANG_ENABLE_OBJC_WEAK = YES;
				CLANG_WARN_BLOCK_CAPTURE_AUTORELEASING = YES;
				CLANG_WARN_BOOL_CONVERSION = YES;
				CLANG_WARN_COMMA = YES;
				CLANG_WARN_CONSTANT_CONVERSION = YES;
				CLANG_WARN_DEPRECATED_OBJC_IMPLEMENTATIONS = YES;
				CLANG_WARN_DIRECT_OBJC_ISA_USAGE = YES_ERROR;
				CLANG_WARN_DOCUMENTATION_COMMENTS = YES;
				CLANG_WARN_EMPTY_BODY = YES;
				CLANG_WARN_ENUM_CONVERSION = YES;
				CLANG_WARN_INFINITE_RECURSION = YES;
				CLANG_WARN_INT_CONVERSION = YES;
				CLANG_WARN_NON_LITERAL_NULL_CONVERSION = YES;
				CLANG_WARN_OBJC_IMPLICIT_RETAIN_SELF = YES;
				CLANG_WARN_OBJC_LITERAL_CONVERSION = YES;
				CLANG_WARN_OBJC_ROOT_CLASS = YES_ERROR;
				CLANG_WARN_QUOTED_INCLUDE_IN_FRAMEWORK_HEADER = YES;
				CLANG_WARN_RANGE_LOOP_ANALYSIS = YES;
				CLANG_WARN_STRICT_PROTOTYPES = YES;
				CLANG_WARN_SUSPICIOUS_MOVE = YES;
				CLANG_WARN_UNGUARDED_AVAILABILITY = YES_AGGRESSIVE;
				CLANG_WARN_UNREACHABLE_CODE = YES;
				CLANG_WARN__DUPLICATE_METHOD_MATCH = YES;
				COPY_PHASE_STRIP = NO;
				DEBUG_INFORMATION_FORMAT = dwarf;
				ENABLE_STRICT_OBJC_MSGSEND = YES;
				ENABLE_TESTABILITY = YES;
				GCC_C_LANGUAGE_STANDARD = gnu11;
				GCC_DYNAMIC_NO_PIC = NO;
				GCC_NO_COMMON_BLOCKS = YES;
				GCC_OPTIMIZATION_LEVEL = 0;
				GCC_PREPROCESSOR_DEFINITIONS = (
					"DEBUG=1",
					"$(inherited)",
				);
				GCC_WARN_64_TO_32_BIT_CONVERSION = YES;
				GCC_WARN_ABOUT_RETURN_TYPE = YES_ERROR;
				GCC_WARN_UNDECLARED_SELECTOR = YES;
				GCC_WARN_UNINITIALIZED_AUTOS = YES_AGGRESSIVE;
				GCC_WARN_UNUSED_FUNCTION = YES;
				GCC_WARN_UNUSED_VARIABLE = YES;
				IPHONEOS_DEPLOYMENT_TARGET = 16.4;
				MTL_ENABLE_DEBUG_INFO = INCLUDE_SOURCE;
				MTL_FAST_MATH = YES;
				ONLY_ACTIVE_ARCH = YES;
				SDKROOT = iphoneos;
				SWIFT_ACTIVE_COMPILATION_CONDITIONS = DEBUG;
				SWIFT_OPTIMIZATION_LEVEL = "-Onone";
			};
			name = Debug;
		};
		7DD679FE2A44847E00FE714C /* Release */ = {
			isa = XCBuildConfiguration;
			buildSettings = {
				ALWAYS_SEARCH_USER_PATHS = NO;
				CLANG_ANALYZER_NONNULL = YES;
				CLANG_ANALYZER_NUMBER_OBJECT_CONVERSION = YES_AGGRESSIVE;
				CLANG_CXX_LANGUAGE_STANDARD = "gnu++20";
				CLANG_ENABLE_MODULES = YES;
				CLANG_ENABLE_OBJC_ARC = YES;
				CLANG_ENABLE_OBJC_WEAK = YES;
				CLANG_WARN_BLOCK_CAPTURE_AUTORELEASING = YES;
				CLANG_WARN_BOOL_CONVERSION = YES;
				CLANG_WARN_COMMA = YES;
				CLANG_WARN_CONSTANT_CONVERSION = YES;
				CLANG_WARN_DEPRECATED_OBJC_IMPLEMENTATIONS = YES;
				CLANG_WARN_DIRECT_OBJC_ISA_USAGE = YES_ERROR;
				CLANG_WARN_DOCUMENTATION_COMMENTS = YES;
				CLANG_WARN_EMPTY_BODY = YES;
				CLANG_WARN_ENUM_CONVERSION = YES;
				CLANG_WARN_INFINITE_RECURSION = YES;
				CLANG_WARN_INT_CONVERSION = YES;
				CLANG_WARN_NON_LITERAL_NULL_CONVERSION = YES;
				CLANG_WARN_OBJC_IMPLICIT_RETAIN_SELF = YES;
				CLANG_WARN_OBJC_LITERAL_CONVERSION = YES;
				CLANG_WARN_OBJC_ROOT_CLASS = YES_ERROR;
				CLANG_WARN_QUOTED_INCLUDE_IN_FRAMEWORK_HEADER = YES;
				CLANG_WARN_RANGE_LOOP_ANALYSIS = YES;
				CLANG_WARN_STRICT_PROTOTYPES = YES;
				CLANG_WARN_SUSPICIOUS_MOVE = YES;
				CLANG_WARN_UNGUARDED_AVAILABILITY = YES_AGGRESSIVE;
				CLANG_WARN_UNREACHABLE_CODE = YES;
				CLANG_WARN__DUPLICATE_METHOD_MATCH = YES;
				COPY_PHASE_STRIP = NO;
				DEBUG_INFORMATION_FORMAT = "dwarf-with-dsym";
				ENABLE_NS_ASSERTIONS = NO;
				ENABLE_STRICT_OBJC_MSGSEND = YES;
				GCC_C_LANGUAGE_STANDARD = gnu11;
				GCC_NO_COMMON_BLOCKS = YES;
				GCC_WARN_64_TO_32_BIT_CONVERSION = YES;
				GCC_WARN_ABOUT_RETURN_TYPE = YES_ERROR;
				GCC_WARN_UNDECLARED_SELECTOR = YES;
				GCC_WARN_UNINITIALIZED_AUTOS = YES_AGGRESSIVE;
				GCC_WARN_UNUSED_FUNCTION = YES;
				GCC_WARN_UNUSED_VARIABLE = YES;
				IPHONEOS_DEPLOYMENT_TARGET = 16.4;
				MTL_ENABLE_DEBUG_INFO = NO;
				MTL_FAST_MATH = YES;
				SDKROOT = iphoneos;
				SWIFT_COMPILATION_MODE = wholemodule;
				SWIFT_OPTIMIZATION_LEVEL = "-O";
				VALIDATE_PRODUCT = YES;
			};
			name = Release;
		};
		7DD67A002A44847E00FE714C /* Debug */ = {
			isa = XCBuildConfiguration;
			buildSettings = {
				ASSETCATALOG_COMPILER_APPICON_NAME = AppIcon;
				ASSETCATALOG_COMPILER_GLOBAL_ACCENT_COLOR_NAME = AccentColor;
				CODE_SIGN_STYLE = Automatic;
				CURRENT_PROJECT_VERSION = 1;
				DEVELOPMENT_ASSET_PATHS = "\"Vibrator/Preview Content\"";
				DEVELOPMENT_TEAM = WQT83F9429;
				ENABLE_PREVIEWS = YES;
				GENERATE_INFOPLIST_FILE = YES;
				INFOPLIST_KEY_UIApplicationSceneManifest_Generation = YES;
				INFOPLIST_KEY_UIApplicationSupportsIndirectInputEvents = YES;
				INFOPLIST_KEY_UILaunchScreen_Generation = YES;
				INFOPLIST_KEY_UISupportedInterfaceOrientations_iPad = "UIInterfaceOrientationPortrait UIInterfaceOrientationPortraitUpsideDown UIInterfaceOrientationLandscapeLeft UIInterfaceOrientationLandscapeRight";
				INFOPLIST_KEY_UISupportedInterfaceOrientations_iPhone = "UIInterfaceOrientationPortrait UIInterfaceOrientationLandscapeLeft UIInterfaceOrientationLandscapeRight";
				LD_RUNPATH_SEARCH_PATHS = (
					"$(inherited)",
					"@executable_path/Frameworks",
				);
				MARKETING_VERSION = 1.0;
				PRODUCT_BUNDLE_IDENTIFIER = com.alyona.Vibrator;
				PRODUCT_NAME = "$(TARGET_NAME)";
				SWIFT_EMIT_LOC_STRINGS = YES;
				SWIFT_VERSION = 5.0;
				TARGETED_DEVICE_FAMILY = "1,2";
			};
			name = Debug;
		};
		7DD67A012A44847E00FE714C /* Release */ = {
			isa = XCBuildConfiguration;
			buildSettings = {
				ASSETCATALOG_COMPILER_APPICON_NAME = AppIcon;
				ASSETCATALOG_COMPILER_GLOBAL_ACCENT_COLOR_NAME = AccentColor;
				CODE_SIGN_STYLE = Automatic;
				CURRENT_PROJECT_VERSION = 1;
				DEVELOPMENT_ASSET_PATHS = "\"Vibrator/Preview Content\"";
				DEVELOPMENT_TEAM = "";
				ENABLE_PREVIEWS = YES;
				GENERATE_INFOPLIST_FILE = YES;
				INFOPLIST_KEY_UIApplicationSceneManifest_Generation = YES;
				INFOPLIST_KEY_UIApplicationSupportsIndirectInputEvents = YES;
				INFOPLIST_KEY_UILaunchScreen_Generation = YES;
				INFOPLIST_KEY_UISupportedInterfaceOrientations_iPad = "UIInterfaceOrientationPortrait UIInterfaceOrientationPortraitUpsideDown UIInterfaceOrientationLandscapeLeft UIInterfaceOrientationLandscapeRight";
				INFOPLIST_KEY_UISupportedInterfaceOrientations_iPhone = "UIInterfaceOrientationPortrait UIInterfaceOrientationLandscapeLeft UIInterfaceOrientationLandscapeRight";
				LD_RUNPATH_SEARCH_PATHS = (
					"$(inherited)",
					"@executable_path/Frameworks",
				);
				MARKETING_VERSION = 1.0;
				PRODUCT_BUNDLE_IDENTIFIER = com.alyona.Vibrator;
				PRODUCT_NAME = "$(TARGET_NAME)";
				SWIFT_EMIT_LOC_STRINGS = YES;
				SWIFT_VERSION = 5.0;
				TARGETED_DEVICE_FAMILY = "1,2";
			};
			name = Release;
		};
/* End XCBuildConfiguration section */

/* Begin XCConfigurationList section */
		7DD679EC2A44847C00FE714C /* Build configuration list for PBXProject "Vibrator" */ = {
			isa = XCConfigurationList;
			buildConfigurations = (
				7DD679FD2A44847E00FE714C /* Debug */,
				7DD679FE2A44847E00FE714C /* Release */,
			);
			defaultConfigurationIsVisible = 0;
			defaultConfigurationName = Release;
		};
		7DD679FF2A44847E00FE714C /* Build configuration list for PBXNativeTarget "Vibrator" */ = {
			isa = XCConfigurationList;
			buildConfigurations = (
				7DD67A002A44847E00FE714C /* Debug */,
				7DD67A012A44847E00FE714C /* Release */,
			);
			defaultConfigurationIsVisible = 0;
			defaultConfigurationName = Release;
		};
/* End XCConfigurationList section */
	};
	rootObject = 7DD679E92A44847C00FE714C /* Project object */;
}
